<?xml version="1.0" encoding="utf-8"?>
<Project ToolsVersion="4.0" xmlns="http://schemas.microsoft.com/developer/msbuild/2003">
  <ItemGroup>
    <ClCompile Include="src\camera.cpp">
      <Filter>src</Filter>
    </ClCompile>
    <ClCompile Include="src\Da5id.cpp">
      <Filter>src</Filter>
    </ClCompile>
    <ClCompile Include="src\Engine.cpp">
      <Filter>src</Filter>
    </ClCompile>
    <ClCompile Include="src\mesh.cpp">
      <Filter>src</Filter>
    </ClCompile>
    <ClCompile Include="src\pch.cpp">
      <Filter>src</Filter>
    </ClCompile>
    <ClCompile Include="src\simplexnoise1234.c">
      <Filter>src</Filter>
    </ClCompile>
    <ClCompile Include="src\simulation.cpp">
      <Filter>src</Filter>
    </ClCompile>
    <ClCompile Include="src\texture.cpp">
      <Filter>src</Filter>
    </ClCompile>
    <ClCompile Include="src\DDSTextureLoader.cpp">
      <Filter>src</Filter>
    </ClCompile>
  </ItemGroup>
  <ItemGroup>
    <ClInclude Include="src\util.h">
      <Filter>src</Filter>
    </ClInclude>
    <ClInclude Include="src\camera.h">
      <Filter>src</Filter>
    </ClInclude>
    <ClInclude Include="src\Engine.h">
      <Filter>src</Filter>
    </ClInclude>
    <ClInclude Include="src\mesh.h">
      <Filter>src</Filter>
    </ClInclude>
    <ClInclude Include="src\noise.h">
      <Filter>src</Filter>
    </ClInclude>
    <ClInclude Include="src\pch.h">
      <Filter>src</Filter>
    </ClInclude>
    <ClInclude Include="src\simulation.h">
      <Filter>src</Filter>
    </ClInclude>
    <ClInclude Include="src\texture.h">
      <Filter>src</Filter>
    </ClInclude>
    <ClInclude Include="src\DDSTextureLoader.h">
      <Filter>src</Filter>
    </ClInclude>
    <ClInclude Include="src\dds.h">
      <Filter>src</Filter>
    </ClInclude>
    <ClInclude Include="src\d3dx12.h">
      <Filter>src</Filter>
    </ClInclude>
  </ItemGroup>
  <ItemGroup>
    <Filter Include="src">
      <UniqueIdentifier>{acc3189d-f7d8-4e0c-a087-ce1620743fba}</UniqueIdentifier>
    </Filter>
    <Filter Include="shaders">
      <UniqueIdentifier>{c22c0370-2114-4f7e-b967-71fa3ffc0fc6}</UniqueIdentifier>
    </Filter>
  </ItemGroup>
  <ItemGroup>
    <FxCompile Include="src\asteroid_ps_d3d11.hlsl">
      <Filter>shaders</Filter>
    </FxCompile>
    <FxCompile Include="src\asteroid_vs.hlsl">
      <Filter>shaders</Filter>
    </FxCompile>
    <FxCompile Include="src\font_ps.hlsl">
      <Filter>shaders</Filter>
    </FxCompile>
    <FxCompile Include="src\skybox_ps.hlsl">
      <Filter>shaders</Filter>
    </FxCompile>
    <FxCompile Include="src\skybox_vs.hlsl">
      <Filter>shaders</Filter>
    </FxCompile>
    <FxCompile Include="src\sprite_ps.hlsl">
      <Filter>shaders</Filter>
    </FxCompile>
    <FxCompile Include="src\sprite_vs.hlsl">
      <Filter>shaders</Filter>
    </FxCompile>
    <FxCompile Include="src\asteroid_ps.hlsl">
      <Filter>shaders</Filter>
    </FxCompile>
  </ItemGroup>
</Project>