<?xml version="1.0" encoding="utf-8"?>
<Project ToolsVersion="4.0" xmlns="http://schemas.microsoft.com/developer/msbuild/2003">
  <ItemGroup>
    <Filter Include="src">
      <UniqueIdentifier>{4FC737F1-C7A5-4376-A066-2A32D752A2FF}</UniqueIdentifier>
      <Extensions>cpp;c;cc;cxx;def;odl;idl;hpj;bat;asm;asmx;h;hh;hpp;hxx;hm;inl;inc;ipp;xsd</Extensions>
    </Filter>
  </ItemGroup>
  <ItemGroup>
    <ClCompile Include="..\third_party\imgui\imgui_demo.cpp">
      <Filter>src</Filter>
    </ClCompile>
    <ClCompile Include="..\third_party\imgui\imgui_draw.cpp">
      <Filter>src</Filter>
    </ClCompile>
    <ClCompile Include="..\third_party\imgui\imgui_widgets.cpp">
      <Filter>src</Filter>
    </ClCompile>
    <ClCompile Include="..\third_party\imgui\imgui.cpp">
      <Filter>src</Filter>
    </ClCompile>
    <ClCompile Include="..\third_party\imgui\examples\imgui_impl_win32.cpp">
      <Filter>src</Filter>
    </ClCompile>
    <ClCompile Include="..\third_party\imgui\examples\imgui_impl_vulkan.cpp">
      <Filter>src</Filter>
    </ClCompile>
  </ItemGroup>
  <ItemGroup>
    <ClInclude Include="..\third_party\imgui\imgui_internal.h">
      <Filter>src</Filter>
    </ClInclude>
    <ClInclude Include="..\third_party\imgui\imstb_rectpack.h">
      <Filter>src</Filter>
    </ClInclude>
    <ClInclude Include="..\third_party\imgui\imstb_textedit.h">
      <Filter>src</Filter>
    </ClInclude>
    <ClInclude Include="..\third_party\imgui\imstb_truetype.h">
      <Filter>src</Filter>
    </ClInclude>
    <ClInclude Include="..\third_party\imgui\imconfig.h">
      <Filter>src</Filter>
    </ClInclude>
    <ClInclude Include="..\third_party\imgui\imgui.h">
      <Filter>src</Filter>
    </ClInclude>
    <ClInclude Include="..\third_party\imgui\examples\imgui_impl_vulkan.h">
      <Filter>src</Filter>
    </ClInclude>
    <ClInclude Include="..\third_party\imgui\examples\imgui_impl_win32.h">
      <Filter>src</Filter>
    </ClInclude>
  </ItemGroup>
</Project>